
Microsoft Visual Studio Solution File, Format Version 12.00
# Visual Studio 15
Project("{FAE04EC0-301F-11D3-BF4B-00C04F79EFBC}") = "Lottery", "Lottery\Lottery.csproj", "{831E7B0E-497E-4EF2-A619-9D6F6351316E}"
EndProject
Global
	GlobalSection(SolutionConfigurationPlatforms) = preSolution
		Debug|x86 = Debug|x86
		Release|x86 = Release|x86
	EndGlobalSection
	GlobalSection(ProjectConfigurationPlatforms) = postSolution
		{831E7B0E-497E-4EF2-A619-9D6F6351316E}.Debug|x86.ActiveCfg = Debug|x86
		{831E7B0E-497E-4EF2-A619-9D6F6351316E}.Debug|x86.Build.0 = Debug|x86
		{831E7B0E-497E-4EF2-A619-9D6F6351316E}.Release|x86.ActiveCfg = Release|x86
		{831E7B0E-497E-4EF2-A619-9D6F6351316E}.Release|x86.Build.0 = Release|x86
	EndGlobalSection
EndGlobal
